
Microsoft Visual Studio Solution File, Format Version 12.00
# Visual Studio Version 17
VisualStudioVersion = 17.10.34707.107
MinimumVisualStudioVersion = 10.0.40219.1
Project("{2150E333-8FDC-42A3-9474-1A3956D46DE8}") = "Services", "Services", "{0291B3B3-CDBE-47B7-BF20-368D52799C0C}"
EndProject
Project("{2150E333-8FDC-42A3-9474-1A3956D46DE8}") = "Catalog", "Catalog", "{6716FAC4-C056-44C6-B0A7-3BAA7BA40419}"
EndProject
Project("{9A19103F-16F7-4668-BE54-9A1E7A4F7556}") = "MultiShop.Catalog", "Services\Catalog\MultiShop.Catalog\MultiShop.Catalog.csproj", "{C6F2DD54-336B-4246-A2C7-46A72FB42C52}"
EndProject
Project("{2150E333-8FDC-42A3-9474-1A3956D46DE8}") = "Discount", "Discount", "{B3046534-9E32-41E3-BE32-3882296596CC}"
EndProject
Project("{9A19103F-16F7-4668-BE54-9A1E7A4F7556}") = "MultiShop.Discount", "Services\Discount\MultiShop.Discount\MultiShop.Discount.csproj", "{00BBA148-4067-4919-9872-3A64B156B120}"
EndProject
Project("{2150E333-8FDC-42A3-9474-1A3956D46DE8}") = "Order", "Order", "{5C38A3F2-8A38-4F71-B831-0F8A24F88C25}"
EndProject
Project("{2150E333-8FDC-42A3-9474-1A3956D46DE8}") = "Core", "Core", "{9E62895C-808F-4F1F-87CA-9E43C65EBB3F}"
EndProject
Project("{2150E333-8FDC-42A3-9474-1A3956D46DE8}") = "Infrastructure", "Infrastructure", "{9C502792-5515-4B82-9195-4D7FB3E49EED}"
EndProject
Project("{2150E333-8FDC-42A3-9474-1A3956D46DE8}") = "Presentation", "Presentation", "{27EF099F-D4B5-44E6-BB36-D4358CE63924}"
EndProject
Project("{FAE04EC0-301F-11D3-BF4B-00C04F79EFBC}") = "Multishop.Order.Domain", "Services\Order\Core\Multishop.Order.Domain\Multishop.Order.Domain.csproj", "{AAE49621-C4A3-4316-BC33-8CD46B5BFE5C}"
EndProject
Project("{FAE04EC0-301F-11D3-BF4B-00C04F79EFBC}") = "Multishop.Order.Application", "Services\Order\Core\Multishop.Order.Application\Multishop.Order.Application.csproj", "{EC69E891-BB72-48AE-9F17-1B53762AECB1}"
EndProject
Project("{FAE04EC0-301F-11D3-BF4B-00C04F79EFBC}") = "Multishop.Order.Persistence", "Infrastructure\Multishop.Order.Persistence\Multishop.Order.Persistence.csproj", "{B93F3F8E-C98E-41C0-8DF4-DF34EB60BA7D}"
EndProject
Project("{FAE04EC0-301F-11D3-BF4B-00C04F79EFBC}") = "Multishop.Order.Presentation", "Presentation\Multishop.Order.Presentation\Multishop.Order.Presentation.csproj", "{71813B63-6281-499E-8CE5-C7C321E2ECB2}"
EndProject
Global
	GlobalSection(SolutionConfigurationPlatforms) = preSolution
		Debug|Any CPU = Debug|Any CPU
		Release|Any CPU = Release|Any CPU
	EndGlobalSection
	GlobalSection(ProjectConfigurationPlatforms) = postSolution
		{C6F2DD54-336B-4246-A2C7-46A72FB42C52}.Debug|Any CPU.ActiveCfg = Debug|Any CPU
		{C6F2DD54-336B-4246-A2C7-46A72FB42C52}.Debug|Any CPU.Build.0 = Debug|Any CPU
		{C6F2DD54-336B-4246-A2C7-46A72FB42C52}.Release|Any CPU.ActiveCfg = Release|Any CPU
		{C6F2DD54-336B-4246-A2C7-46A72FB42C52}.Release|Any CPU.Build.0 = Release|Any CPU
		{00BBA148-4067-4919-9872-3A64B156B120}.Debug|Any CPU.ActiveCfg = Debug|Any CPU
		{00BBA148-4067-4919-9872-3A64B156B120}.Debug|Any CPU.Build.0 = Debug|Any CPU
		{00BBA148-4067-4919-9872-3A64B156B120}.Release|Any CPU.ActiveCfg = Release|Any CPU
		{00BBA148-4067-4919-9872-3A64B156B120}.Release|Any CPU.Build.0 = Release|Any CPU
		{AAE49621-C4A3-4316-BC33-8CD46B5BFE5C}.Debug|Any CPU.ActiveCfg = Debug|Any CPU
		{AAE49621-C4A3-4316-BC33-8CD46B5BFE5C}.Debug|Any CPU.Build.0 = Debug|Any CPU
		{AAE49621-C4A3-4316-BC33-8CD46B5BFE5C}.Release|Any CPU.ActiveCfg = Release|Any CPU
		{AAE49621-C4A3-4316-BC33-8CD46B5BFE5C}.Release|Any CPU.Build.0 = Release|Any CPU
		{EC69E891-BB72-48AE-9F17-1B53762AECB1}.Debug|Any CPU.ActiveCfg = Debug|Any CPU
		{EC69E891-BB72-48AE-9F17-1B53762AECB1}.Debug|Any CPU.Build.0 = Debug|Any CPU
		{EC69E891-BB72-48AE-9F17-1B53762AECB1}.Release|Any CPU.ActiveCfg = Release|Any CPU
		{EC69E891-BB72-48AE-9F17-1B53762AECB1}.Release|Any CPU.Build.0 = Release|Any CPU
		{B93F3F8E-C98E-41C0-8DF4-DF34EB60BA7D}.Debug|Any CPU.ActiveCfg = Debug|Any CPU
		{B93F3F8E-C98E-41C0-8DF4-DF34EB60BA7D}.Debug|Any CPU.Build.0 = Debug|Any CPU
		{B93F3F8E-C98E-41C0-8DF4-DF34EB60BA7D}.Release|Any CPU.ActiveCfg = Release|Any CPU
		{B93F3F8E-C98E-41C0-8DF4-DF34EB60BA7D}.Release|Any CPU.Build.0 = Release|Any CPU
		{71813B63-6281-499E-8CE5-C7C321E2ECB2}.Debug|Any CPU.ActiveCfg = Debug|Any CPU
		{71813B63-6281-499E-8CE5-C7C321E2ECB2}.Debug|Any CPU.Build.0 = Debug|Any CPU
		{71813B63-6281-499E-8CE5-C7C321E2ECB2}.Release|Any CPU.ActiveCfg = Release|Any CPU
		{71813B63-6281-499E-8CE5-C7C321E2ECB2}.Release|Any CPU.Build.0 = Release|Any CPU
	EndGlobalSection
	GlobalSection(SolutionProperties) = preSolution
		HideSolutionNode = FALSE
	EndGlobalSection
	GlobalSection(NestedProjects) = preSolution
		{6716FAC4-C056-44C6-B0A7-3BAA7BA40419} = {0291B3B3-CDBE-47B7-BF20-368D52799C0C}
		{C6F2DD54-336B-4246-A2C7-46A72FB42C52} = {6716FAC4-C056-44C6-B0A7-3BAA7BA40419}
		{B3046534-9E32-41E3-BE32-3882296596CC} = {0291B3B3-CDBE-47B7-BF20-368D52799C0C}
		{00BBA148-4067-4919-9872-3A64B156B120} = {B3046534-9E32-41E3-BE32-3882296596CC}
		{5C38A3F2-8A38-4F71-B831-0F8A24F88C25} = {0291B3B3-CDBE-47B7-BF20-368D52799C0C}
		{9E62895C-808F-4F1F-87CA-9E43C65EBB3F} = {5C38A3F2-8A38-4F71-B831-0F8A24F88C25}
		{9C502792-5515-4B82-9195-4D7FB3E49EED} = {5C38A3F2-8A38-4F71-B831-0F8A24F88C25}
		{27EF099F-D4B5-44E6-BB36-D4358CE63924} = {5C38A3F2-8A38-4F71-B831-0F8A24F88C25}
		{AAE49621-C4A3-4316-BC33-8CD46B5BFE5C} = {9E62895C-808F-4F1F-87CA-9E43C65EBB3F}
		{EC69E891-BB72-48AE-9F17-1B53762AECB1} = {9E62895C-808F-4F1F-87CA-9E43C65EBB3F}
		{B93F3F8E-C98E-41C0-8DF4-DF34EB60BA7D} = {9C502792-5515-4B82-9195-4D7FB3E49EED}
		{71813B63-6281-499E-8CE5-C7C321E2ECB2} = {27EF099F-D4B5-44E6-BB36-D4358CE63924}
	EndGlobalSection
	GlobalSection(ExtensibilityGlobals) = postSolution
		SolutionGuid = {C5635251-500F-4550-9026-4356ECD437DF}
	EndGlobalSection
EndGlobal
